// !$*UTF8*$!
{
	archiveVersion = 1;
	classes = {
	};
	objectVersion = 55;
	objects = {

/* Begin PBXBuildFile section */
		232A981C2937F27200F3129F /* GoogleAuthLoginVC.swift in Sources */ = {isa = PBXBuildFile; fileRef = 232A981B2937F27200F3129F /* GoogleAuthLoginVC.swift */; };
		232A981E2937F29700F3129F /* TabViewController.swift in Sources */ = {isa = PBXBuildFile; fileRef = 232A981D2937F29700F3129F /* TabViewController.swift */; };
		232A98212937F2DF00F3129F /* CalendarViewController.swift in Sources */ = {isa = PBXBuildFile; fileRef = 232A98202937F2DF00F3129F /* CalendarViewController.swift */; };
		232A98232937F2FD00F3129F /* Models.swift in Sources */ = {isa = PBXBuildFile; fileRef = 232A98222937F2FD00F3129F /* Models.swift */; };
		232A98282937F35A00F3129F /* NetworkManager.swift in Sources */ = {isa = PBXBuildFile; fileRef = 232A98272937F35A00F3129F /* NetworkManager.swift */; };
		232A982A2937F3F900F3129F /* FavoritedEventsTableViewCell.swift in Sources */ = {isa = PBXBuildFile; fileRef = 232A98292937F3F900F3129F /* FavoritedEventsTableViewCell.swift */; };
		232A982C2937F40F00F3129F /* BookmarkedBucketListViewController.swift in Sources */ = {isa = PBXBuildFile; fileRef = 232A982B2937F40F00F3129F /* BookmarkedBucketListViewController.swift */; };
		232A982E2937F41E00F3129F /* BookmarkFilterCollectionViewCell.swift in Sources */ = {isa = PBXBuildFile; fileRef = 232A982D2937F41E00F3129F /* BookmarkFilterCollectionViewCell.swift */; };
		232A98312937F48E00F3129F /* Theme.swift in Sources */ = {isa = PBXBuildFile; fileRef = 232A98302937F48E00F3129F /* Theme.swift */; };
		232A98332937F49B00F3129F /* PaddingLabel.swift in Sources */ = {isa = PBXBuildFile; fileRef = 232A98322937F49B00F3129F /* PaddingLabel.swift */; };
		232A98362937F72000F3129F /* ProfileViewController.swift in Sources */ = {isa = PBXBuildFile; fileRef = 232A98352937F72000F3129F /* ProfileViewController.swift */; };
		232A98382937F72E00F3129F /* BucketTableViewCell.swift in Sources */ = {isa = PBXBuildFile; fileRef = 232A98372937F72E00F3129F /* BucketTableViewCell.swift */; };
		232A983A2937F74200F3129F /* DOFavoriteButton.swift in Sources */ = {isa = PBXBuildFile; fileRef = 232A98392937F74200F3129F /* DOFavoriteButton.swift */; };
		232A9841293801E600F3129F /* GoogleService-Info.plist in Resources */ = {isa = PBXBuildFile; fileRef = 232A9840293801E600F3129F /* GoogleService-Info.plist */; };
		237FFF672937E45B002BCD80 /* AppDelegate.swift in Sources */ = {isa = PBXBuildFile; fileRef = 237FFF662937E45B002BCD80 /* AppDelegate.swift */; };
		237FFF692937E45B002BCD80 /* SceneDelegate.swift in Sources */ = {isa = PBXBuildFile; fileRef = 237FFF682937E45B002BCD80 /* SceneDelegate.swift */; };
		237FFF6B2937E45B002BCD80 /* ViewController.swift in Sources */ = {isa = PBXBuildFile; fileRef = 237FFF6A2937E45B002BCD80 /* ViewController.swift */; };
		237FFF702937E45C002BCD80 /* Assets.xcassets in Resources */ = {isa = PBXBuildFile; fileRef = 237FFF6F2937E45C002BCD80 /* Assets.xcassets */; };
		237FFF732937E45C002BCD80 /* LaunchScreen.storyboard in Resources */ = {isa = PBXBuildFile; fileRef = 237FFF712937E45C002BCD80 /* LaunchScreen.storyboard */; };
		23BAE00A293903F200C01DBA /* Quicksand-VariableFont_wght.ttf in Resources */ = {isa = PBXBuildFile; fileRef = 23BAE004293903F200C01DBA /* Quicksand-VariableFont_wght.ttf */; };
		23BAE00B293903F300C01DBA /* Quicksand-Light.ttf in Resources */ = {isa = PBXBuildFile; fileRef = 23BAE005293903F200C01DBA /* Quicksand-Light.ttf */; };
		23BAE00C293903F300C01DBA /* Quicksand-Regular.ttf in Resources */ = {isa = PBXBuildFile; fileRef = 23BAE006293903F200C01DBA /* Quicksand-Regular.ttf */; };
		23BAE00D293903F300C01DBA /* Quicksand-Medium.ttf in Resources */ = {isa = PBXBuildFile; fileRef = 23BAE007293903F200C01DBA /* Quicksand-Medium.ttf */; };
		23BAE00E293903F300C01DBA /* Quicksand-SemiBold.ttf in Resources */ = {isa = PBXBuildFile; fileRef = 23BAE008293903F200C01DBA /* Quicksand-SemiBold.ttf */; };
		23BAE00F293903F300C01DBA /* Quicksand-Bold.ttf in Resources */ = {isa = PBXBuildFile; fileRef = 23BAE009293903F200C01DBA /* Quicksand-Bold.ttf */; };
		23BAE01429392F5400C01DBA /* EntryViewController.swift in Sources */ = {isa = PBXBuildFile; fileRef = 23BAE01329392F5400C01DBA /* EntryViewController.swift */; };
		4E245D62FECF77500F768486 /* Pods_Sentiment.framework in Frameworks */ = {isa = PBXBuildFile; fileRef = DE924942F87BE42AFA144E0B /* Pods_Sentiment.framework */; };
/* End PBXBuildFile section */

/* Begin PBXFileReference section */
		232A981B2937F27200F3129F /* GoogleAuthLoginVC.swift */ = {isa = PBXFileReference; lastKnownFileType = sourcecode.swift; path = GoogleAuthLoginVC.swift; sourceTree = "<group>"; };
		232A981D2937F29700F3129F /* TabViewController.swift */ = {isa = PBXFileReference; lastKnownFileType = sourcecode.swift; path = TabViewController.swift; sourceTree = "<group>"; };
		232A98202937F2DF00F3129F /* CalendarViewController.swift */ = {isa = PBXFileReference; lastKnownFileType = sourcecode.swift; path = CalendarViewController.swift; sourceTree = "<group>"; };
		232A98222937F2FD00F3129F /* Models.swift */ = {isa = PBXFileReference; lastKnownFileType = sourcecode.swift; path = Models.swift; sourceTree = "<group>"; };
		232A98272937F35A00F3129F /* NetworkManager.swift */ = {isa = PBXFileReference; lastKnownFileType = sourcecode.swift; path = NetworkManager.swift; sourceTree = "<group>"; };
		232A98292937F3F900F3129F /* FavoritedEventsTableViewCell.swift */ = {isa = PBXFileReference; lastKnownFileType = sourcecode.swift; path = FavoritedEventsTableViewCell.swift; sourceTree = "<group>"; };
		232A982B2937F40F00F3129F /* BookmarkedBucketListViewController.swift */ = {isa = PBXFileReference; lastKnownFileType = sourcecode.swift; path = BookmarkedBucketListViewController.swift; sourceTree = "<group>"; };
		232A982D2937F41E00F3129F /* BookmarkFilterCollectionViewCell.swift */ = {isa = PBXFileReference; lastKnownFileType = sourcecode.swift; path = BookmarkFilterCollectionViewCell.swift; sourceTree = "<group>"; };
		232A98302937F48E00F3129F /* Theme.swift */ = {isa = PBXFileReference; lastKnownFileType = sourcecode.swift; path = Theme.swift; sourceTree = "<group>"; };
		232A98322937F49B00F3129F /* PaddingLabel.swift */ = {isa = PBXFileReference; lastKnownFileType = sourcecode.swift; path = PaddingLabel.swift; sourceTree = "<group>"; };
		232A98352937F72000F3129F /* ProfileViewController.swift */ = {isa = PBXFileReference; lastKnownFileType = sourcecode.swift; path = ProfileViewController.swift; sourceTree = "<group>"; };
		232A98372937F72E00F3129F /* BucketTableViewCell.swift */ = {isa = PBXFileReference; lastKnownFileType = sourcecode.swift; path = BucketTableViewCell.swift; sourceTree = "<group>"; };
		232A98392937F74200F3129F /* DOFavoriteButton.swift */ = {isa = PBXFileReference; lastKnownFileType = sourcecode.swift; path = DOFavoriteButton.swift; sourceTree = "<group>"; };
		232A9840293801E600F3129F /* GoogleService-Info.plist */ = {isa = PBXFileReference; fileEncoding = 4; lastKnownFileType = text.plist.xml; name = "GoogleService-Info.plist"; path = "../../../../../Downloads/GoogleService-Info.plist"; sourceTree = "<group>"; };
		237FFF632937E45B002BCD80 /* Sentiment.app */ = {isa = PBXFileReference; explicitFileType = wrapper.application; includeInIndex = 0; path = Sentiment.app; sourceTree = BUILT_PRODUCTS_DIR; };
		237FFF662937E45B002BCD80 /* AppDelegate.swift */ = {isa = PBXFileReference; lastKnownFileType = sourcecode.swift; path = AppDelegate.swift; sourceTree = "<group>"; };
		237FFF682937E45B002BCD80 /* SceneDelegate.swift */ = {isa = PBXFileReference; lastKnownFileType = sourcecode.swift; path = SceneDelegate.swift; sourceTree = "<group>"; };
		237FFF6A2937E45B002BCD80 /* ViewController.swift */ = {isa = PBXFileReference; lastKnownFileType = sourcecode.swift; path = ViewController.swift; sourceTree = "<group>"; };
		237FFF6F2937E45C002BCD80 /* Assets.xcassets */ = {isa = PBXFileReference; lastKnownFileType = folder.assetcatalog; path = Assets.xcassets; sourceTree = "<group>"; };
		237FFF722937E45C002BCD80 /* Base */ = {isa = PBXFileReference; lastKnownFileType = file.storyboard; name = Base; path = Base.lproj/LaunchScreen.storyboard; sourceTree = "<group>"; };
		237FFF742937E45C002BCD80 /* Info.plist */ = {isa = PBXFileReference; lastKnownFileType = text.plist.xml; path = Info.plist; sourceTree = "<group>"; };
		23BAE004293903F200C01DBA /* Quicksand-VariableFont_wght.ttf */ = {isa = PBXFileReference; lastKnownFileType = file; name = "Quicksand-VariableFont_wght.ttf"; path = "../../../../../../Downloads/Quicksand 2/Quicksand-VariableFont_wght.ttf"; sourceTree = "<group>"; };
		23BAE005293903F200C01DBA /* Quicksand-Light.ttf */ = {isa = PBXFileReference; lastKnownFileType = file; name = "Quicksand-Light.ttf"; path = "../../../../../../Downloads/Quicksand 2/static/Quicksand-Light.ttf"; sourceTree = "<group>"; };
		23BAE006293903F200C01DBA /* Quicksand-Regular.ttf */ = {isa = PBXFileReference; lastKnownFileType = file; name = "Quicksand-Regular.ttf"; path = "../../../../../../Downloads/Quicksand 2/static/Quicksand-Regular.ttf"; sourceTree = "<group>"; };
		23BAE007293903F200C01DBA /* Quicksand-Medium.ttf */ = {isa = PBXFileReference; lastKnownFileType = file; name = "Quicksand-Medium.ttf"; path = "../../../../../../Downloads/Quicksand 2/static/Quicksand-Medium.ttf"; sourceTree = "<group>"; };
		23BAE008293903F200C01DBA /* Quicksand-SemiBold.ttf */ = {isa = PBXFileReference; lastKnownFileType = file; name = "Quicksand-SemiBold.ttf"; path = "../../../../../../Downloads/Quicksand 2/static/Quicksand-SemiBold.ttf"; sourceTree = "<group>"; };
		23BAE009293903F200C01DBA /* Quicksand-Bold.ttf */ = {isa = PBXFileReference; lastKnownFileType = file; name = "Quicksand-Bold.ttf"; path = "../../../../../../Downloads/Quicksand 2/static/Quicksand-Bold.ttf"; sourceTree = "<group>"; };
		23BAE01329392F5400C01DBA /* EntryViewController.swift */ = {isa = PBXFileReference; lastKnownFileType = sourcecode.swift; path = EntryViewController.swift; sourceTree = "<group>"; };
		2C56B8CCBB9E37D750D82E30 /* Pods-Sentiment.debug.xcconfig */ = {isa = PBXFileReference; includeInIndex = 1; lastKnownFileType = text.xcconfig; name = "Pods-Sentiment.debug.xcconfig"; path = "Target Support Files/Pods-Sentiment/Pods-Sentiment.debug.xcconfig"; sourceTree = "<group>"; };
		DE924942F87BE42AFA144E0B /* Pods_Sentiment.framework */ = {isa = PBXFileReference; explicitFileType = wrapper.framework; includeInIndex = 0; path = Pods_Sentiment.framework; sourceTree = BUILT_PRODUCTS_DIR; };
		EABA7DD759634F00B9C75855 /* Pods-Sentiment.release.xcconfig */ = {isa = PBXFileReference; includeInIndex = 1; lastKnownFileType = text.xcconfig; name = "Pods-Sentiment.release.xcconfig"; path = "Target Support Files/Pods-Sentiment/Pods-Sentiment.release.xcconfig"; sourceTree = "<group>"; };
/* End PBXFileReference section */

/* Begin PBXFrameworksBuildPhase section */
		237FFF602937E45B002BCD80 /* Frameworks */ = {
			isa = PBXFrameworksBuildPhase;
			buildActionMask = 2147483647;
			files = (
				4E245D62FECF77500F768486 /* Pods_Sentiment.framework in Frameworks */,
			);
			runOnlyForDeploymentPostprocessing = 0;
		};
/* End PBXFrameworksBuildPhase section */

/* Begin PBXGroup section */
		232A981A2937F25C00F3129F /* LogInViewControllers */ = {
			isa = PBXGroup;
			children = (
				232A981B2937F27200F3129F /* GoogleAuthLoginVC.swift */,
			);
			path = LogInViewControllers;
			sourceTree = "<group>";
		};
		232A981F2937F2CB00F3129F /* CalendarTabView */ = {
			isa = PBXGroup;
			children = (
				232A98202937F2DF00F3129F /* CalendarViewController.swift */,
				232A982D2937F41E00F3129F /* BookmarkFilterCollectionViewCell.swift */,
				232A98292937F3F900F3129F /* FavoritedEventsTableViewCell.swift */,
				232A982B2937F40F00F3129F /* BookmarkedBucketListViewController.swift */,
			);
			path = CalendarTabView;
			sourceTree = "<group>";
		};
		232A982F2937F46C00F3129F /* AestheticFiles */ = {
			isa = PBXGroup;
			children = (
				232A98302937F48E00F3129F /* Theme.swift */,
				232A98322937F49B00F3129F /* PaddingLabel.swift */,
				232A98392937F74200F3129F /* DOFavoriteButton.swift */,
			);
			path = AestheticFiles;
			sourceTree = "<group>";
		};
		232A98342937F70D00F3129F /* ProfileViews */ = {
			isa = PBXGroup;
			children = (
				232A98352937F72000F3129F /* ProfileViewController.swift */,
				232A98372937F72E00F3129F /* BucketTableViewCell.swift */,
			);
			path = ProfileViews;
			sourceTree = "<group>";
		};
		237FFF5A2937E45B002BCD80 = {
			isa = PBXGroup;
			children = (
				237FFF652937E45B002BCD80 /* Sentiment */,
				237FFF642937E45B002BCD80 /* Products */,
				A98A916A83B7C75D50C00292 /* Pods */,
				DA0E0F7219A2136BFB0F3850 /* Frameworks */,
			);
			sourceTree = "<group>";
		};
		237FFF642937E45B002BCD80 /* Products */ = {
			isa = PBXGroup;
			children = (
				237FFF632937E45B002BCD80 /* Sentiment.app */,
			);
			name = Products;
			sourceTree = "<group>";
		};
		237FFF652937E45B002BCD80 /* Sentiment */ = {
			isa = PBXGroup;
			children = (
				23BAE01229392F3E00C01DBA /* EntryViews */,
				23BADFFD293901C500C01DBA /* Fonts */,
				232A98342937F70D00F3129F /* ProfileViews */,
				232A982F2937F46C00F3129F /* AestheticFiles */,
				232A981F2937F2CB00F3129F /* CalendarTabView */,
				232A981A2937F25C00F3129F /* LogInViewControllers */,
				237FFF662937E45B002BCD80 /* AppDelegate.swift */,
				232A981D2937F29700F3129F /* TabViewController.swift */,
				232A98272937F35A00F3129F /* NetworkManager.swift */,
				232A98222937F2FD00F3129F /* Models.swift */,
				237FFF682937E45B002BCD80 /* SceneDelegate.swift */,
				232A9840293801E600F3129F /* GoogleService-Info.plist */,
				237FFF6A2937E45B002BCD80 /* ViewController.swift */,
				237FFF6F2937E45C002BCD80 /* Assets.xcassets */,
				237FFF712937E45C002BCD80 /* LaunchScreen.storyboard */,
				237FFF742937E45C002BCD80 /* Info.plist */,
			);
			path = Sentiment;
			sourceTree = "<group>";
		};
		23BADFFD293901C500C01DBA /* Fonts */ = {
			isa = PBXGroup;
			children = (
				23BAE009293903F200C01DBA /* Quicksand-Bold.ttf */,
				23BAE005293903F200C01DBA /* Quicksand-Light.ttf */,
				23BAE007293903F200C01DBA /* Quicksand-Medium.ttf */,
				23BAE006293903F200C01DBA /* Quicksand-Regular.ttf */,
				23BAE008293903F200C01DBA /* Quicksand-SemiBold.ttf */,
				23BAE004293903F200C01DBA /* Quicksand-VariableFont_wght.ttf */,
			);
			path = Fonts;
			sourceTree = "<group>";
		};
		23BAE01229392F3E00C01DBA /* EntryViews */ = {
			isa = PBXGroup;
			children = (
				23BAE01329392F5400C01DBA /* EntryViewController.swift */,
			);
			path = EntryViews;
			sourceTree = "<group>";
		};
		A98A916A83B7C75D50C00292 /* Pods */ = {
			isa = PBXGroup;
			children = (
				2C56B8CCBB9E37D750D82E30 /* Pods-Sentiment.debug.xcconfig */,
				EABA7DD759634F00B9C75855 /* Pods-Sentiment.release.xcconfig */,
			);
			path = Pods;
			sourceTree = "<group>";
		};
		DA0E0F7219A2136BFB0F3850 /* Frameworks */ = {
			isa = PBXGroup;
			children = (
				DE924942F87BE42AFA144E0B /* Pods_Sentiment.framework */,
			);
			name = Frameworks;
			sourceTree = "<group>";
		};
/* End PBXGroup section */

/* Begin PBXNativeTarget section */
		237FFF622937E45B002BCD80 /* Sentiment */ = {
			isa = PBXNativeTarget;
			buildConfigurationList = 237FFF772937E45C002BCD80 /* Build configuration list for PBXNativeTarget "Sentiment" */;
			buildPhases = (
				52339F2426AB119710A0D59C /* [CP] Check Pods Manifest.lock */,
				237FFF5F2937E45B002BCD80 /* Sources */,
				237FFF602937E45B002BCD80 /* Frameworks */,
				237FFF612937E45B002BCD80 /* Resources */,
				C5D52A81570673F96B2614EC /* [CP] Embed Pods Frameworks */,
			);
			buildRules = (
			);
			dependencies = (
			);
			name = Sentiment;
			productName = Sentiment;
			productReference = 237FFF632937E45B002BCD80 /* Sentiment.app */;
			productType = "com.apple.product-type.application";
		};
/* End PBXNativeTarget section */

/* Begin PBXProject section */
		237FFF5B2937E45B002BCD80 /* Project object */ = {
			isa = PBXProject;
			attributes = {
				BuildIndependentTargetsInParallel = 1;
				LastSwiftUpdateCheck = 1340;
				LastUpgradeCheck = 1340;
				TargetAttributes = {
					237FFF622937E45B002BCD80 = {
						CreatedOnToolsVersion = 13.4.1;
					};
				};
			};
			buildConfigurationList = 237FFF5E2937E45B002BCD80 /* Build configuration list for PBXProject "Sentiment" */;
			compatibilityVersion = "Xcode 13.0";
			developmentRegion = en;
			hasScannedForEncodings = 0;
			knownRegions = (
				en,
				Base,
			);
			mainGroup = 237FFF5A2937E45B002BCD80;
			productRefGroup = 237FFF642937E45B002BCD80 /* Products */;
			projectDirPath = "";
			projectRoot = "";
			targets = (
				237FFF622937E45B002BCD80 /* Sentiment */,
			);
		};
/* End PBXProject section */

/* Begin PBXResourcesBuildPhase section */
		237FFF612937E45B002BCD80 /* Resources */ = {
			isa = PBXResourcesBuildPhase;
			buildActionMask = 2147483647;
			files = (
				237FFF732937E45C002BCD80 /* LaunchScreen.storyboard in Resources */,
				23BAE00E293903F300C01DBA /* Quicksand-SemiBold.ttf in Resources */,
				23BAE00C293903F300C01DBA /* Quicksand-Regular.ttf in Resources */,
				23BAE00D293903F300C01DBA /* Quicksand-Medium.ttf in Resources */,
				23BAE00F293903F300C01DBA /* Quicksand-Bold.ttf in Resources */,
				23BAE00A293903F200C01DBA /* Quicksand-VariableFont_wght.ttf in Resources */,
				237FFF702937E45C002BCD80 /* Assets.xcassets in Resources */,
				232A9841293801E600F3129F /* GoogleService-Info.plist in Resources */,
				23BAE00B293903F300C01DBA /* Quicksand-Light.ttf in Resources */,
			);
			runOnlyForDeploymentPostprocessing = 0;
		};
/* End PBXResourcesBuildPhase section */

/* Begin PBXShellScriptBuildPhase section */
		52339F2426AB119710A0D59C /* [CP] Check Pods Manifest.lock */ = {
			isa = PBXShellScriptBuildPhase;
			buildActionMask = 2147483647;
			files = (
			);
			inputFileListPaths = (
			);
			inputPaths = (
				"${PODS_PODFILE_DIR_PATH}/Podfile.lock",
				"${PODS_ROOT}/Manifest.lock",
			);
			name = "[CP] Check Pods Manifest.lock";
			outputFileListPaths = (
			);
			outputPaths = (
				"$(DERIVED_FILE_DIR)/Pods-Sentiment-checkManifestLockResult.txt",
			);
			runOnlyForDeploymentPostprocessing = 0;
			shellPath = /bin/sh;
			shellScript = "diff \"${PODS_PODFILE_DIR_PATH}/Podfile.lock\" \"${PODS_ROOT}/Manifest.lock\" > /dev/null\nif [ $? != 0 ] ; then\n    # print error to STDERR\n    echo \"error: The sandbox is not in sync with the Podfile.lock. Run 'pod install' or update your CocoaPods installation.\" >&2\n    exit 1\nfi\n# This output is used by Xcode 'outputs' to avoid re-running this script phase.\necho \"SUCCESS\" > \"${SCRIPT_OUTPUT_FILE_0}\"\n";
			showEnvVarsInLog = 0;
		};
		C5D52A81570673F96B2614EC /* [CP] Embed Pods Frameworks */ = {
			isa = PBXShellScriptBuildPhase;
			buildActionMask = 2147483647;
			files = (
			);
			inputFileListPaths = (
				"${PODS_ROOT}/Target Support Files/Pods-Sentiment/Pods-Sentiment-frameworks-${CONFIGURATION}-input-files.xcfilelist",
			);
			name = "[CP] Embed Pods Frameworks";
			outputFileListPaths = (
				"${PODS_ROOT}/Target Support Files/Pods-Sentiment/Pods-Sentiment-frameworks-${CONFIGURATION}-output-files.xcfilelist",
			);
			runOnlyForDeploymentPostprocessing = 0;
			shellPath = /bin/sh;
			shellScript = "\"${PODS_ROOT}/Target Support Files/Pods-Sentiment/Pods-Sentiment-frameworks.sh\"\n";
			showEnvVarsInLog = 0;
		};
/* End PBXShellScriptBuildPhase section */

/* Begin PBXSourcesBuildPhase section */
		237FFF5F2937E45B002BCD80 /* Sources */ = {
			isa = PBXSourcesBuildPhase;
			buildActionMask = 2147483647;
			files = (
				232A983A2937F74200F3129F /* DOFavoriteButton.swift in Sources */,
				232A98282937F35A00F3129F /* NetworkManager.swift in Sources */,
				232A982A2937F3F900F3129F /* FavoritedEventsTableViewCell.swift in Sources */,
				232A98212937F2DF00F3129F /* CalendarViewController.swift in Sources */,
				23BAE01429392F5400C01DBA /* EntryViewController.swift in Sources */,
				232A98382937F72E00F3129F /* BucketTableViewCell.swift in Sources */,
				232A982E2937F41E00F3129F /* BookmarkFilterCollectionViewCell.swift in Sources */,
				237FFF6B2937E45B002BCD80 /* ViewController.swift in Sources */,
				237FFF672937E45B002BCD80 /* AppDelegate.swift in Sources */,
				237FFF692937E45B002BCD80 /* SceneDelegate.swift in Sources */,
				232A982C2937F40F00F3129F /* BookmarkedBucketListViewController.swift in Sources */,
				232A981E2937F29700F3129F /* TabViewController.swift in Sources */,
				232A98312937F48E00F3129F /* Theme.swift in Sources */,
				232A98362937F72000F3129F /* ProfileViewController.swift in Sources */,
				232A98332937F49B00F3129F /* PaddingLabel.swift in Sources */,
				232A981C2937F27200F3129F /* GoogleAuthLoginVC.swift in Sources */,
				232A98232937F2FD00F3129F /* Models.swift in Sources */,
			);
			runOnlyForDeploymentPostprocessing = 0;
		};
/* End PBXSourcesBuildPhase section */

/* Begin PBXVariantGroup section */
		237FFF712937E45C002BCD80 /* LaunchScreen.storyboard */ = {
			isa = PBXVariantGroup;
			children = (
				237FFF722937E45C002BCD80 /* Base */,
			);
			name = LaunchScreen.storyboard;
			sourceTree = "<group>";
		};
/* End PBXVariantGroup section */

/* Begin XCBuildConfiguration section */
		237FFF752937E45C002BCD80 /* Debug */ = {
			isa = XCBuildConfiguration;
			buildSettings = {
				ALWAYS_SEARCH_USER_PATHS = NO;
				CLANG_ANALYZER_NONNULL = YES;
				CLANG_ANALYZER_NUMBER_OBJECT_CONVERSION = YES_AGGRESSIVE;
				CLANG_CXX_LANGUAGE_STANDARD = "gnu++17";
				CLANG_ENABLE_MODULES = YES;
				CLANG_ENABLE_OBJC_ARC = YES;
				CLANG_ENABLE_OBJC_WEAK = YES;
				CLANG_WARN_BLOCK_CAPTURE_AUTORELEASING = YES;
				CLANG_WARN_BOOL_CONVERSION = YES;
				CLANG_WARN_COMMA = YES;
				CLANG_WARN_CONSTANT_CONVERSION = YES;
				CLANG_WARN_DEPRECATED_OBJC_IMPLEMENTATIONS = YES;
				CLANG_WARN_DIRECT_OBJC_ISA_USAGE = YES_ERROR;
				CLANG_WARN_DOCUMENTATION_COMMENTS = YES;
				CLANG_WARN_EMPTY_BODY = YES;
				CLANG_WARN_ENUM_CONVERSION = YES;
				CLANG_WARN_INFINITE_RECURSION = YES;
				CLANG_WARN_INT_CONVERSION = YES;
				CLANG_WARN_NON_LITERAL_NULL_CONVERSION = YES;
				CLANG_WARN_OBJC_IMPLICIT_RETAIN_SELF = YES;
				CLANG_WARN_OBJC_LITERAL_CONVERSION = YES;
				CLANG_WARN_OBJC_ROOT_CLASS = YES_ERROR;
				CLANG_WARN_QUOTED_INCLUDE_IN_FRAMEWORK_HEADER = YES;
				CLANG_WARN_RANGE_LOOP_ANALYSIS = YES;
				CLANG_WARN_STRICT_PROTOTYPES = YES;
				CLANG_WARN_SUSPICIOUS_MOVE = YES;
				CLANG_WARN_UNGUARDED_AVAILABILITY = YES_AGGRESSIVE;
				CLANG_WARN_UNREACHABLE_CODE = YES;
				CLANG_WARN__DUPLICATE_METHOD_MATCH = YES;
				COPY_PHASE_STRIP = NO;
				DEBUG_INFORMATION_FORMAT = dwarf;
				ENABLE_STRICT_OBJC_MSGSEND = YES;
				ENABLE_TESTABILITY = YES;
				GCC_C_LANGUAGE_STANDARD = gnu11;
				GCC_DYNAMIC_NO_PIC = NO;
				GCC_NO_COMMON_BLOCKS = YES;
				GCC_OPTIMIZATION_LEVEL = 0;
				GCC_PREPROCESSOR_DEFINITIONS = (
					"DEBUG=1",
					"$(inherited)",
				);
				GCC_WARN_64_TO_32_BIT_CONVERSION = YES;
				GCC_WARN_ABOUT_RETURN_TYPE = YES_ERROR;
				GCC_WARN_UNDECLARED_SELECTOR = YES;
				GCC_WARN_UNINITIALIZED_AUTOS = YES_AGGRESSIVE;
				GCC_WARN_UNUSED_FUNCTION = YES;
				GCC_WARN_UNUSED_VARIABLE = YES;
				IPHONEOS_DEPLOYMENT_TARGET = 15.5;
				MTL_ENABLE_DEBUG_INFO = INCLUDE_SOURCE;
				MTL_FAST_MATH = YES;
				ONLY_ACTIVE_ARCH = YES;
				SDKROOT = iphoneos;
				SWIFT_ACTIVE_COMPILATION_CONDITIONS = DEBUG;
				SWIFT_OPTIMIZATION_LEVEL = "-Onone";
			};
			name = Debug;
		};
		237FFF762937E45C002BCD80 /* Release */ = {
			isa = XCBuildConfiguration;
			buildSettings = {
				ALWAYS_SEARCH_USER_PATHS = NO;
				CLANG_ANALYZER_NONNULL = YES;
				CLANG_ANALYZER_NUMBER_OBJECT_CONVERSION = YES_AGGRESSIVE;
				CLANG_CXX_LANGUAGE_STANDARD = "gnu++17";
				CLANG_ENABLE_MODULES = YES;
				CLANG_ENABLE_OBJC_ARC = YES;
				CLANG_ENABLE_OBJC_WEAK = YES;
				CLANG_WARN_BLOCK_CAPTURE_AUTORELEASING = YES;
				CLANG_WARN_BOOL_CONVERSION = YES;
				CLANG_WARN_COMMA = YES;
				CLANG_WARN_CONSTANT_CONVERSION = YES;
				CLANG_WARN_DEPRECATED_OBJC_IMPLEMENTATIONS = YES;
				CLANG_WARN_DIRECT_OBJC_ISA_USAGE = YES_ERROR;
				CLANG_WARN_DOCUMENTATION_COMMENTS = YES;
				CLANG_WARN_EMPTY_BODY = YES;
				CLANG_WARN_ENUM_CONVERSION = YES;
				CLANG_WARN_INFINITE_RECURSION = YES;
				CLANG_WARN_INT_CONVERSION = YES;
				CLANG_WARN_NON_LITERAL_NULL_CONVERSION = YES;
				CLANG_WARN_OBJC_IMPLICIT_RETAIN_SELF = YES;
				CLANG_WARN_OBJC_LITERAL_CONVERSION = YES;
				CLANG_WARN_OBJC_ROOT_CLASS = YES_ERROR;
				CLANG_WARN_QUOTED_INCLUDE_IN_FRAMEWORK_HEADER = YES;
				CLANG_WARN_RANGE_LOOP_ANALYSIS = YES;
				CLANG_WARN_STRICT_PROTOTYPES = YES;
				CLANG_WARN_SUSPICIOUS_MOVE = YES;
				CLANG_WARN_UNGUARDED_AVAILABILITY = YES_AGGRESSIVE;
				CLANG_WARN_UNREACHABLE_CODE = YES;
				CLANG_WARN__DUPLICATE_METHOD_MATCH = YES;
				COPY_PHASE_STRIP = NO;
				DEBUG_INFORMATION_FORMAT = "dwarf-with-dsym";
				ENABLE_NS_ASSERTIONS = NO;
				ENABLE_STRICT_OBJC_MSGSEND = YES;
				GCC_C_LANGUAGE_STANDARD = gnu11;
				GCC_NO_COMMON_BLOCKS = YES;
				GCC_WARN_64_TO_32_BIT_CONVERSION = YES;
				GCC_WARN_ABOUT_RETURN_TYPE = YES_ERROR;
				GCC_WARN_UNDECLARED_SELECTOR = YES;
				GCC_WARN_UNINITIALIZED_AUTOS = YES_AGGRESSIVE;
				GCC_WARN_UNUSED_FUNCTION = YES;
				GCC_WARN_UNUSED_VARIABLE = YES;
				IPHONEOS_DEPLOYMENT_TARGET = 15.5;
				MTL_ENABLE_DEBUG_INFO = NO;
				MTL_FAST_MATH = YES;
				SDKROOT = iphoneos;
				SWIFT_COMPILATION_MODE = wholemodule;
				SWIFT_OPTIMIZATION_LEVEL = "-O";
				VALIDATE_PRODUCT = YES;
			};
			name = Release;
		};
		237FFF782937E45C002BCD80 /* Debug */ = {
			isa = XCBuildConfiguration;
			baseConfigurationReference = 2C56B8CCBB9E37D750D82E30 /* Pods-Sentiment.debug.xcconfig */;
			buildSettings = {
				ASSETCATALOG_COMPILER_APPICON_NAME = AppIcon;
				ASSETCATALOG_COMPILER_GLOBAL_ACCENT_COLOR_NAME = AccentColor;
				CODE_SIGN_STYLE = Automatic;
				CURRENT_PROJECT_VERSION = 1;
				DEVELOPMENT_TEAM = V96W73VB62;
				ENABLE_BITCODE = NO;
				GENERATE_INFOPLIST_FILE = YES;
				INFOPLIST_FILE = Sentiment/Info.plist;
				INFOPLIST_KEY_UIApplicationSupportsIndirectInputEvents = YES;
				INFOPLIST_KEY_UILaunchStoryboardName = LaunchScreen;
				INFOPLIST_KEY_UISupportedInterfaceOrientations_iPad = "UIInterfaceOrientationPortrait UIInterfaceOrientationPortraitUpsideDown UIInterfaceOrientationLandscapeLeft UIInterfaceOrientationLandscapeRight";
				INFOPLIST_KEY_UISupportedInterfaceOrientations_iPhone = "UIInterfaceOrientationPortrait UIInterfaceOrientationLandscapeLeft UIInterfaceOrientationLandscapeRight";
				IPHONEOS_DEPLOYMENT_TARGET = 16.0;
				LD_RUNPATH_SEARCH_PATHS = (
					"$(inherited)",
					"@executable_path/Frameworks",
				);
				MARKETING_VERSION = 1.0;
				PRODUCT_BUNDLE_IDENTIFIER = cs4701.Sentiment;
				PRODUCT_NAME = "$(TARGET_NAME)";
				SWIFT_EMIT_LOC_STRINGS = YES;
				SWIFT_VERSION = 5.0;
				TARGETED_DEVICE_FAMILY = "1,2";
			};
			name = Debug;
		};
		237FFF792937E45C002BCD80 /* Release */ = {
			isa = XCBuildConfiguration;
			baseConfigurationReference = EABA7DD759634F00B9C75855 /* Pods-Sentiment.release.xcconfig */;
			buildSettings = {
				ASSETCATALOG_COMPILER_APPICON_NAME = AppIcon;
				ASSETCATALOG_COMPILER_GLOBAL_ACCENT_COLOR_NAME = AccentColor;
				CODE_SIGN_STYLE = Automatic;
				CURRENT_PROJECT_VERSION = 1;
				DEVELOPMENT_TEAM = V96W73VB62;
				ENABLE_BITCODE = NO;
				GENERATE_INFOPLIST_FILE = YES;
				INFOPLIST_FILE = Sentiment/Info.plist;
				INFOPLIST_KEY_UIApplicationSupportsIndirectInputEvents = YES;
				INFOPLIST_KEY_UILaunchStoryboardName = LaunchScreen;
				INFOPLIST_KEY_UISupportedInterfaceOrientations_iPad = "UIInterfaceOrientationPortrait UIInterfaceOrientationPortraitUpsideDown UIInterfaceOrientationLandscapeLeft UIInterfaceOrientationLandscapeRight";
				INFOPLIST_KEY_UISupportedInterfaceOrientations_iPhone = "UIInterfaceOrientationPortrait UIInterfaceOrientationLandscapeLeft UIInterfaceOrientationLandscapeRight";
				IPHONEOS_DEPLOYMENT_TARGET = 16.0;
				LD_RUNPATH_SEARCH_PATHS = (
					"$(inherited)",
					"@executable_path/Frameworks",
				);
				MARKETING_VERSION = 1.0;
				PRODUCT_BUNDLE_IDENTIFIER = cs4701.Sentiment;
				PRODUCT_NAME = "$(TARGET_NAME)";
				SWIFT_EMIT_LOC_STRINGS = YES;
				SWIFT_VERSION = 5.0;
				TARGETED_DEVICE_FAMILY = "1,2";
			};
			name = Release;
		};
/* End XCBuildConfiguration section */

/* Begin XCConfigurationList section */
		237FFF5E2937E45B002BCD80 /* Build configuration list for PBXProject "Sentiment" */ = {
			isa = XCConfigurationList;
			buildConfigurations = (
				237FFF752937E45C002BCD80 /* Debug */,
				237FFF762937E45C002BCD80 /* Release */,
			);
			defaultConfigurationIsVisible = 0;
			defaultConfigurationName = Release;
		};
		237FFF772937E45C002BCD80 /* Build configuration list for PBXNativeTarget "Sentiment" */ = {
			isa = XCConfigurationList;
			buildConfigurations = (
				237FFF782937E45C002BCD80 /* Debug */,
				237FFF792937E45C002BCD80 /* Release */,
			);
			defaultConfigurationIsVisible = 0;
			defaultConfigurationName = Release;
		};
/* End XCConfigurationList section */
	};
	rootObject = 237FFF5B2937E45B002BCD80 /* Project object */;
}
